// !$*UTF8*$!
{
	archiveVersion = 1;
	classes = {
	};
	objectVersion = 55;
	objects = {

/* Begin PBXBuildFile section */
		DAD9F6B027F5BA5400562663 /* AddView.swift in Sources */ = {isa = PBXBuildFile; fileRef = DAD9F6AF27F5BA5400562663 /* AddView.swift */; };
		DAD9F6B227F5C6B200562663 /* Assets.xcassets in Resources */ = {isa = PBXBuildFile; fileRef = DAD9F6B127F5C6B200562663 /* Assets.xcassets */; };
		DAD9F6B427F5CB3D00562663 /* DetailView.swift in Sources */ = {isa = PBXBuildFile; fileRef = DAD9F6B327F5CB3D00562663 /* DetailView.swift */; };
		DAE5B1B327FAC8C50038618D /* Settings.swift in Sources */ = {isa = PBXBuildFile; fileRef = DAE5B1B227FAC8C50038618D /* Settings.swift */; };
		DAE6939B27F4A8570049F56F /* FetchJsonApp.swift in Sources */ = {isa = PBXBuildFile; fileRef = DAE6939A27F4A8570049F56F /* FetchJsonApp.swift */; };
		DAE6939D27F4A8570049F56F /* ContentView.swift in Sources */ = {isa = PBXBuildFile; fileRef = DAE6939C27F4A8570049F56F /* ContentView.swift */; };
		DAE693A227F4A85A0049F56F /* Preview Assets.xcassets in Resources */ = {isa = PBXBuildFile; fileRef = DAE693A127F4A85A0049F56F /* Preview Assets.xcassets */; };
		DAE693A927F4AC7F0049F56F /* Model.swift in Sources */ = {isa = PBXBuildFile; fileRef = DAE693A827F4AC7F0049F56F /* Model.swift */; };
		DAE693AB27F4ADE70049F56F /* ViewModel.swift in Sources */ = {isa = PBXBuildFile; fileRef = DAE693AA27F4ADE70049F56F /* ViewModel.swift */; };
/* End PBXBuildFile section */

/* Begin PBXFileReference section */
		DAD9F6AF27F5BA5400562663 /* AddView.swift */ = {isa = PBXFileReference; lastKnownFileType = sourcecode.swift; path = AddView.swift; sourceTree = "<group>"; };
		DAD9F6B127F5C6B200562663 /* Assets.xcassets */ = {isa = PBXFileReference; lastKnownFileType = folder.assetcatalog; name = Assets.xcassets; path = ../../../../Downloads/Assets.xcassets; sourceTree = "<group>"; };
		DAD9F6B327F5CB3D00562663 /* DetailView.swift */ = {isa = PBXFileReference; lastKnownFileType = sourcecode.swift; path = DetailView.swift; sourceTree = "<group>"; };
		DAD9F6B527F5CF3400562663 /* Info.plist */ = {isa = PBXFileReference; lastKnownFileType = text.plist; path = Info.plist; sourceTree = "<group>"; };
		DAE5B1B227FAC8C50038618D /* Settings.swift */ = {isa = PBXFileReference; lastKnownFileType = sourcecode.swift; path = Settings.swift; sourceTree = "<group>"; };
		DAE6939727F4A8570049F56F /* FetchJson.app */ = {isa = PBXFileReference; explicitFileType = wrapper.application; includeInIndex = 0; path = FetchJson.app; sourceTree = BUILT_PRODUCTS_DIR; };
		DAE6939A27F4A8570049F56F /* FetchJsonApp.swift */ = {isa = PBXFileReference; lastKnownFileType = sourcecode.swift; path = FetchJsonApp.swift; sourceTree = "<group>"; };
		DAE6939C27F4A8570049F56F /* ContentView.swift */ = {isa = PBXFileReference; lastKnownFileType = sourcecode.swift; path = ContentView.swift; sourceTree = "<group>"; };
		DAE693A127F4A85A0049F56F /* Preview Assets.xcassets */ = {isa = PBXFileReference; lastKnownFileType = folder.assetcatalog; path = "Preview Assets.xcassets"; sourceTree = "<group>"; };
		DAE693A827F4AC7F0049F56F /* Model.swift */ = {isa = PBXFileReference; lastKnownFileType = sourcecode.swift; path = Model.swift; sourceTree = "<group>"; };
		DAE693AA27F4ADE70049F56F /* ViewModel.swift */ = {isa = PBXFileReference; lastKnownFileType = sourcecode.swift; path = ViewModel.swift; sourceTree = "<group>"; };
/* End PBXFileReference section */

/* Begin PBXFrameworksBuildPhase section */
		DAE6939427F4A8570049F56F /* Frameworks */ = {
			isa = PBXFrameworksBuildPhase;
			buildActionMask = 2147483647;
			files = (
			);
			runOnlyForDeploymentPostprocessing = 0;
		};
/* End PBXFrameworksBuildPhase section */

/* Begin PBXGroup section */
		DAE6938E27F4A8570049F56F = {
			isa = PBXGroup;
			children = (
				DAE6939927F4A8570049F56F /* FetchJson */,
				DAE6939827F4A8570049F56F /* Products */,
			);
			sourceTree = "<group>";
		};
		DAE6939827F4A8570049F56F /* Products */ = {
			isa = PBXGroup;
			children = (
				DAE6939727F4A8570049F56F /* FetchJson.app */,
			);
			name = Products;
			sourceTree = "<group>";
		};
		DAE6939927F4A8570049F56F /* FetchJson */ = {
			isa = PBXGroup;
			children = (
				DAD9F6B527F5CF3400562663 /* Info.plist */,
				DAE6939A27F4A8570049F56F /* FetchJsonApp.swift */,
				DAE6939C27F4A8570049F56F /* ContentView.swift */,
				DAD9F6B327F5CB3D00562663 /* DetailView.swift */,
				DAD9F6AF27F5BA5400562663 /* AddView.swift */,
				DAE693A827F4AC7F0049F56F /* Model.swift */,
				DAE693AA27F4ADE70049F56F /* ViewModel.swift */,
				DAE5B1B227FAC8C50038618D /* Settings.swift */,
				DAD9F6B127F5C6B200562663 /* Assets.xcassets */,
				DAE693A027F4A85A0049F56F /* Preview Content */,
			);
			path = FetchJson;
			sourceTree = "<group>";
		};
		DAE693A027F4A85A0049F56F /* Preview Content */ = {
			isa = PBXGroup;
			children = (
				DAE693A127F4A85A0049F56F /* Preview Assets.xcassets */,
			);
			path = "Preview Content";
			sourceTree = "<group>";
		};
/* End PBXGroup section */

/* Begin PBXNativeTarget section */
		DAE6939627F4A8570049F56F /* FetchJson */ = {
			isa = PBXNativeTarget;
			buildConfigurationList = DAE693A527F4A85A0049F56F /* Build configuration list for PBXNativeTarget "FetchJson" */;
			buildPhases = (
				DAE6939327F4A8570049F56F /* Sources */,
				DAE6939427F4A8570049F56F /* Frameworks */,
				DAE6939527F4A8570049F56F /* Resources */,
			);
			buildRules = (
			);
			dependencies = (
			);
			name = FetchJson;
			productName = FetchJson;
			productReference = DAE6939727F4A8570049F56F /* FetchJson.app */;
			productType = "com.apple.product-type.application";
		};
/* End PBXNativeTarget section */

/* Begin PBXProject section */
		DAE6938F27F4A8570049F56F /* Project object */ = {
			isa = PBXProject;
			attributes = {
				BuildIndependentTargetsInParallel = 1;
				LastSwiftUpdateCheck = 1330;
				LastUpgradeCheck = 1330;
				TargetAttributes = {
					DAE6939627F4A8570049F56F = {
						CreatedOnToolsVersion = 13.3;
					};
				};
			};
			buildConfigurationList = DAE6939227F4A8570049F56F /* Build configuration list for PBXProject "FetchJson" */;
			compatibilityVersion = "Xcode 13.0";
			developmentRegion = en;
			hasScannedForEncodings = 0;
			knownRegions = (
				en,
				Base,
			);
			mainGroup = DAE6938E27F4A8570049F56F;
			productRefGroup = DAE6939827F4A8570049F56F /* Products */;
			projectDirPath = "";
			projectRoot = "";
			targets = (
				DAE6939627F4A8570049F56F /* FetchJson */,
			);
		};
/* End PBXProject section */

/* Begin PBXResourcesBuildPhase section */
		DAE6939527F4A8570049F56F /* Resources */ = {
			isa = PBXResourcesBuildPhase;
			buildActionMask = 2147483647;
			files = (
				DAE693A227F4A85A0049F56F /* Preview Assets.xcassets in Resources */,
				DAD9F6B227F5C6B200562663 /* Assets.xcassets in Resources */,
			);
			runOnlyForDeploymentPostprocessing = 0;
		};
/* End PBXResourcesBuildPhase section */

/* Begin PBXSourcesBuildPhase section */
		DAE6939327F4A8570049F56F /* Sources */ = {
			isa = PBXSourcesBuildPhase;
			buildActionMask = 2147483647;
			files = (
				DAE693A927F4AC7F0049F56F /* Model.swift in Sources */,
				DAD9F6B427F5CB3D00562663 /* DetailView.swift in Sources */,
				DAE6939D27F4A8570049F56F /* ContentView.swift in Sources */,
				DAD9F6B027F5BA5400562663 /* AddView.swift in Sources */,
				DAE5B1B327FAC8C50038618D /* Settings.swift in Sources */,
				DAE693AB27F4ADE70049F56F /* ViewModel.swift in Sources */,
				DAE6939B27F4A8570049F56F /* FetchJsonApp.swift in Sources */,
			);
			runOnlyForDeploymentPostprocessing = 0;
		};
/* End PBXSourcesBuildPhase section */

/* Begin XCBuildConfiguration section */
		DAE693A327F4A85A0049F56F /* Debug */ = {
			isa = XCBuildConfiguration;
			buildSettings = {
				ALWAYS_SEARCH_USER_PATHS = NO;
				CLANG_ANALYZER_NONNULL = YES;
				CLANG_ANALYZER_NUMBER_OBJECT_CONVERSION = YES_AGGRESSIVE;
				CLANG_CXX_LANGUAGE_STANDARD = "gnu++17";
				CLANG_ENABLE_MODULES = YES;
				CLANG_ENABLE_OBJC_ARC = YES;
				CLANG_ENABLE_OBJC_WEAK = YES;
				CLANG_WARN_BLOCK_CAPTURE_AUTORELEASING = YES;
				CLANG_WARN_BOOL_CONVERSION = YES;
				CLANG_WARN_COMMA = YES;
				CLANG_WARN_CONSTANT_CONVERSION = YES;
				CLANG_WARN_DEPRECATED_OBJC_IMPLEMENTATIONS = YES;
				CLANG_WARN_DIRECT_OBJC_ISA_USAGE = YES_ERROR;
				CLANG_WARN_DOCUMENTATION_COMMENTS = YES;
				CLANG_WARN_EMPTY_BODY = YES;
				CLANG_WARN_ENUM_CONVERSION = YES;
				CLANG_WARN_INFINITE_RECURSION = YES;
				CLANG_WARN_INT_CONVERSION = YES;
				CLANG_WARN_NON_LITERAL_NULL_CONVERSION = YES;
				CLANG_WARN_OBJC_IMPLICIT_RETAIN_SELF = YES;
				CLANG_WARN_OBJC_LITERAL_CONVERSION = YES;
				CLANG_WARN_OBJC_ROOT_CLASS = YES_ERROR;
				CLANG_WARN_QUOTED_INCLUDE_IN_FRAMEWORK_HEADER = YES;
				CLANG_WARN_RANGE_LOOP_ANALYSIS = YES;
				CLANG_WARN_STRICT_PROTOTYPES = YES;
				CLANG_WARN_SUSPICIOUS_MOVE = YES;
				CLANG_WARN_UNGUARDED_AVAILABILITY = YES_AGGRESSIVE;
				CLANG_WARN_UNREACHABLE_CODE = YES;
				CLANG_WARN__DUPLICATE_METHOD_MATCH = YES;
				COPY_PHASE_STRIP = NO;
				DEBUG_INFORMATION_FORMAT = dwarf;
				ENABLE_STRICT_OBJC_MSGSEND = YES;
				ENABLE_TESTABILITY = YES;
				GCC_C_LANGUAGE_STANDARD = gnu11;
				GCC_DYNAMIC_NO_PIC = NO;
				GCC_NO_COMMON_BLOCKS = YES;
				GCC_OPTIMIZATION_LEVEL = 0;
				GCC_PREPROCESSOR_DEFINITIONS = (
					"DEBUG=1",
					"$(inherited)",
				);
				GCC_WARN_64_TO_32_BIT_CONVERSION = YES;
				GCC_WARN_ABOUT_RETURN_TYPE = YES_ERROR;
				GCC_WARN_UNDECLARED_SELECTOR = YES;
				GCC_WARN_UNINITIALIZED_AUTOS = YES_AGGRESSIVE;
				GCC_WARN_UNUSED_FUNCTION = YES;
				GCC_WARN_UNUSED_VARIABLE = YES;
				IPHONEOS_DEPLOYMENT_TARGET = 15.4;
				MTL_ENABLE_DEBUG_INFO = INCLUDE_SOURCE;
				MTL_FAST_MATH = YES;
				ONLY_ACTIVE_ARCH = YES;
				SDKROOT = iphoneos;
				SWIFT_ACTIVE_COMPILATION_CONDITIONS = DEBUG;
				SWIFT_OPTIMIZATION_LEVEL = "-Onone";
			};
			name = Debug;
		};
		DAE693A427F4A85A0049F56F /* Release */ = {
			isa = XCBuildConfiguration;
			buildSettings = {
				ALWAYS_SEARCH_USER_PATHS = NO;
				CLANG_ANALYZER_NONNULL = YES;
				CLANG_ANALYZER_NUMBER_OBJECT_CONVERSION = YES_AGGRESSIVE;
				CLANG_CXX_LANGUAGE_STANDARD = "gnu++17";
				CLANG_ENABLE_MODULES = YES;
				CLANG_ENABLE_OBJC_ARC = YES;
				CLANG_ENABLE_OBJC_WEAK = YES;
				CLANG_WARN_BLOCK_CAPTURE_AUTORELEASING = YES;
				CLANG_WARN_BOOL_CONVERSION = YES;
				CLANG_WARN_COMMA = YES;
				CLANG_WARN_CONSTANT_CONVERSION = YES;
				CLANG_WARN_DEPRECATED_OBJC_IMPLEMENTATIONS = YES;
				CLANG_WARN_DIRECT_OBJC_ISA_USAGE = YES_ERROR;
				CLANG_WARN_DOCUMENTATION_COMMENTS = YES;
				CLANG_WARN_EMPTY_BODY = YES;
				CLANG_WARN_ENUM_CONVERSION = YES;
				CLANG_WARN_INFINITE_RECURSION = YES;
				CLANG_WARN_INT_CONVERSION = YES;
				CLANG_WARN_NON_LITERAL_NULL_CONVERSION = YES;
				CLANG_WARN_OBJC_IMPLICIT_RETAIN_SELF = YES;
				CLANG_WARN_OBJC_LITERAL_CONVERSION = YES;
				CLANG_WARN_OBJC_ROOT_CLASS = YES_ERROR;
				CLANG_WARN_QUOTED_INCLUDE_IN_FRAMEWORK_HEADER = YES;
				CLANG_WARN_RANGE_LOOP_ANALYSIS = YES;
				CLANG_WARN_STRICT_PROTOTYPES = YES;
				CLANG_WARN_SUSPICIOUS_MOVE = YES;
				CLANG_WARN_UNGUARDED_AVAILABILITY = YES_AGGRESSIVE;
				CLANG_WARN_UNREACHABLE_CODE = YES;
				CLANG_WARN__DUPLICATE_METHOD_MATCH = YES;
				COPY_PHASE_STRIP = NO;
				DEBUG_INFORMATION_FORMAT = "dwarf-with-dsym";
				ENABLE_NS_ASSERTIONS = NO;
				ENABLE_STRICT_OBJC_MSGSEND = YES;
				GCC_C_LANGUAGE_STANDARD = gnu11;
				GCC_NO_COMMON_BLOCKS = YES;
				GCC_WARN_64_TO_32_BIT_CONVERSION = YES;
				GCC_WARN_ABOUT_RETURN_TYPE = YES_ERROR;
				GCC_WARN_UNDECLARED_SELECTOR = YES;
				GCC_WARN_UNINITIALIZED_AUTOS = YES_AGGRESSIVE;
				GCC_WARN_UNUSED_FUNCTION = YES;
				GCC_WARN_UNUSED_VARIABLE = YES;
				IPHONEOS_DEPLOYMENT_TARGET = 15.4;
				MTL_ENABLE_DEBUG_INFO = NO;
				MTL_FAST_MATH = YES;
				SDKROOT = iphoneos;
				SWIFT_COMPILATION_MODE = wholemodule;
				SWIFT_OPTIMIZATION_LEVEL = "-O";
				VALIDATE_PRODUCT = YES;
			};
			name = Release;
		};
		DAE693A627F4A85A0049F56F /* Debug */ = {
			isa = XCBuildConfiguration;
			buildSettings = {
				ASSETCATALOG_COMPILER_APPICON_NAME = AppIcon;
				ASSETCATALOG_COMPILER_GLOBAL_ACCENT_COLOR_NAME = AccentColor;
				CODE_SIGN_STYLE = Automatic;
				CURRENT_PROJECT_VERSION = 1;
				DEVELOPMENT_ASSET_PATHS = "\"FetchJson/Preview Content\"";
				DEVELOPMENT_TEAM = ZRTG6WMRW7;
				ENABLE_PREVIEWS = YES;
				GENERATE_INFOPLIST_FILE = YES;
				INFOPLIST_FILE = FetchJson/Info.plist;
				INFOPLIST_KEY_CFBundleDisplayName = MyApp;
				INFOPLIST_KEY_UIApplicationSceneManifest_Generation = YES;
				INFOPLIST_KEY_UIApplicationSupportsIndirectInputEvents = YES;
				INFOPLIST_KEY_UILaunchScreen_Generation = YES;
				INFOPLIST_KEY_UISupportedInterfaceOrientations_iPad = "UIInterfaceOrientationPortrait UIInterfaceOrientationPortraitUpsideDown UIInterfaceOrientationLandscapeLeft UIInterfaceOrientationLandscapeRight";
				INFOPLIST_KEY_UISupportedInterfaceOrientations_iPhone = "UIInterfaceOrientationPortrait UIInterfaceOrientationLandscapeLeft UIInterfaceOrientationLandscapeRight";
				INFOPLIST_KEY_UIUserInterfaceStyle = Light;
				LD_RUNPATH_SEARCH_PATHS = (
					"$(inherited)",
					"@executable_path/Frameworks",
				);
				MARKETING_VERSION = 1.0;
				PRODUCT_BUNDLE_IDENTIFIER = "-0W0.FetchJson";
				PRODUCT_NAME = "$(TARGET_NAME)";
				SWIFT_EMIT_LOC_STRINGS = YES;
				SWIFT_VERSION = 5.0;
				TARGETED_DEVICE_FAMILY = "1,2";
			};
			name = Debug;
		};
		DAE693A727F4A85A0049F56F /* Release */ = {
			isa = XCBuildConfiguration;
			buildSettings = {
				ASSETCATALOG_COMPILER_APPICON_NAME = AppIcon;
				ASSETCATALOG_COMPILER_GLOBAL_ACCENT_COLOR_NAME = AccentColor;
				CODE_SIGN_STYLE = Automatic;
				CURRENT_PROJECT_VERSION = 1;
				DEVELOPMENT_ASSET_PATHS = "\"FetchJson/Preview Content\"";
				DEVELOPMENT_TEAM = ZRTG6WMRW7;
				ENABLE_PREVIEWS = YES;
				GENERATE_INFOPLIST_FILE = YES;
				INFOPLIST_FILE = FetchJson/Info.plist;
				INFOPLIST_KEY_CFBundleDisplayName = MyApp;
				INFOPLIST_KEY_UIApplicationSceneManifest_Generation = YES;
				INFOPLIST_KEY_UIApplicationSupportsIndirectInputEvents = YES;
				INFOPLIST_KEY_UILaunchScreen_Generation = YES;
				INFOPLIST_KEY_UISupportedInterfaceOrientations_iPad = "UIInterfaceOrientationPortrait UIInterfaceOrientationPortraitUpsideDown UIInterfaceOrientationLandscapeLeft UIInterfaceOrientationLandscapeRight";
				INFOPLIST_KEY_UISupportedInterfaceOrientations_iPhone = "UIInterfaceOrientationPortrait UIInterfaceOrientationLandscapeLeft UIInterfaceOrientationLandscapeRight";
				INFOPLIST_KEY_UIUserInterfaceStyle = Light;
				LD_RUNPATH_SEARCH_PATHS = (
					"$(inherited)",
					"@executable_path/Frameworks",
				);
				MARKETING_VERSION = 1.0;
				PRODUCT_BUNDLE_IDENTIFIER = "-0W0.FetchJson";
				PRODUCT_NAME = "$(TARGET_NAME)";
				SWIFT_EMIT_LOC_STRINGS = YES;
				SWIFT_VERSION = 5.0;
				TARGETED_DEVICE_FAMILY = "1,2";
			};
			name = Release;
		};
/* End XCBuildConfiguration section */

/* Begin XCConfigurationList section */
		DAE6939227F4A8570049F56F /* Build configuration list for PBXProject "FetchJson" */ = {
			isa = XCConfigurationList;
			buildConfigurations = (
				DAE693A327F4A85A0049F56F /* Debug */,
				DAE693A427F4A85A0049F56F /* Release */,
			);
			defaultConfigurationIsVisible = 0;
			defaultConfigurationName = Release;
		};
		DAE693A527F4A85A0049F56F /* Build configuration list for PBXNativeTarget "FetchJson" */ = {
			isa = XCConfigurationList;
			buildConfigurations = (
				DAE693A627F4A85A0049F56F /* Debug */,
				DAE693A727F4A85A0049F56F /* Release */,
			);
			defaultConfigurationIsVisible = 0;
			defaultConfigurationName = Release;
		};
/* End XCConfigurationList section */
	};
	rootObject = DAE6938F27F4A8570049F56F /* Project object */;
}
